// !$*UTF8*$!
{
	archiveVersion = 1;
	classes = {
	};
	objectVersion = 46;
	objects = {

/* Begin PBXBuildFile section */
		5C7B131418388AE100864B6B /* Foundation.framework in Frameworks */ = {isa = PBXBuildFile; fileRef = 5C7B131318388AE100864B6B /* Foundation.framework */; };
		5C7B131618388AE100864B6B /* CoreGraphics.framework in Frameworks */ = {isa = PBXBuildFile; fileRef = 5C7B131518388AE100864B6B /* CoreGraphics.framework */; };
		5C7B131818388AE100864B6B /* UIKit.framework in Frameworks */ = {isa = PBXBuildFile; fileRef = 5C7B131718388AE100864B6B /* UIKit.framework */; };
		5C7B131E18388AE100864B6B /* InfoPlist.strings in Resources */ = {isa = PBXBuildFile; fileRef = 5C7B131C18388AE100864B6B /* InfoPlist.strings */; };
		5C7B132018388AE100864B6B /* main.m in Sources */ = {isa = PBXBuildFile; fileRef = 5C7B131F18388AE100864B6B /* main.m */; };
		5C7B132418388AE100864B6B /* AppDelegate.m in Sources */ = {isa = PBXBuildFile; fileRef = 5C7B132318388AE100864B6B /* AppDelegate.m */; };
		5C7B132718388AE100864B6B /* Main.storyboard in Resources */ = {isa = PBXBuildFile; fileRef = 5C7B132518388AE100864B6B /* Main.storyboard */; };
		5C7B132A18388AE100864B6B /* ViewController.m in Sources */ = {isa = PBXBuildFile; fileRef = 5C7B132918388AE100864B6B /* ViewController.m */; };
		5C7B132C18388AE100864B6B /* Images.xcassets in Resources */ = {isa = PBXBuildFile; fileRef = 5C7B132B18388AE100864B6B /* Images.xcassets */; };
/* End PBXBuildFile section */

/* Begin PBXFileReference section */
		5C7B131018388AE100864B6B /* ch7webview.app */ = {isa = PBXFileReference; explicitFileType = wrapper.application; includeInIndex = 0; path = ch7webview.app; sourceTree = BUILT_PRODUCTS_DIR; };
		5C7B131318388AE100864B6B /* Foundation.framework */ = {isa = PBXFileReference; lastKnownFileType = wrapper.framework; name = Foundation.framework; path = System/Library/Frameworks/Foundation.framework; sourceTree = SDKROOT; };
		5C7B131518388AE100864B6B /* CoreGraphics.framework */ = {isa = PBXFileReference; lastKnownFileType = wrapper.framework; name = CoreGraphics.framework; path = System/Library/Frameworks/CoreGraphics.framework; sourceTree = SDKROOT; };
		5C7B131718388AE100864B6B /* UIKit.framework */ = {isa = PBXFileReference; lastKnownFileType = wrapper.framework; name = UIKit.framework; path = System/Library/Frameworks/UIKit.framework; sourceTree = SDKROOT; };
		5C7B131B18388AE100864B6B /* ch7webview-Info.plist */ = {isa = PBXFileReference; lastKnownFileType = text.plist.xml; path = "ch7webview-Info.plist"; sourceTree = "<group>"; };
		5C7B131D18388AE100864B6B /* en */ = {isa = PBXFileReference; lastKnownFileType = text.plist.strings; name = en; path = en.lproj/InfoPlist.strings; sourceTree = "<group>"; };
		5C7B131F18388AE100864B6B /* main.m */ = {isa = PBXFileReference; lastKnownFileType = sourcecode.c.objc; path = main.m; sourceTree = "<group>"; };
		5C7B132118388AE100864B6B /* ch7webview-Prefix.pch */ = {isa = PBXFileReference; lastKnownFileType = sourcecode.c.h; path = "ch7webview-Prefix.pch"; sourceTree = "<group>"; };
		5C7B132218388AE100864B6B /* AppDelegate.h */ = {isa = PBXFileReference; lastKnownFileType = sourcecode.c.h; path = AppDelegate.h; sourceTree = "<group>"; };
		5C7B132318388AE100864B6B /* AppDelegate.m */ = {isa = PBXFileReference; lastKnownFileType = sourcecode.c.objc; path = AppDelegate.m; sourceTree = "<group>"; };
		5C7B132618388AE100864B6B /* Base */ = {isa = PBXFileReference; lastKnownFileType = file.storyboard; name = Base; path = Base.lproj/Main.storyboard; sourceTree = "<group>"; };
		5C7B132818388AE100864B6B /* ViewController.h */ = {isa = PBXFileReference; lastKnownFileType = sourcecode.c.h; path = ViewController.h; sourceTree = "<group>"; };
		5C7B132918388AE100864B6B /* ViewController.m */ = {isa = PBXFileReference; lastKnownFileType = sourcecode.c.objc; path = ViewController.m; sourceTree = "<group>"; };
		5C7B132B18388AE100864B6B /* Images.xcassets */ = {isa = PBXFileReference; lastKnownFileType = folder.assetcatalog; path = Images.xcassets; sourceTree = "<group>"; };
/* End PBXFileReference section */

/* Begin PBXFrameworksBuildPhase section */
		5C7B130D18388AE100864B6B /* Frameworks */ = {
			isa = PBXFrameworksBuildPhase;
			buildActionMask = 2147483647;
			files = (
				5C7B131618388AE100864B6B /* CoreGraphics.framework in Frameworks */,
				5C7B131818388AE100864B6B /* UIKit.framework in Frameworks */,
				5C7B131418388AE100864B6B /* Foundation.framework in Frameworks */,
			);
			runOnlyForDeploymentPostprocessing = 0;
		};
/* End PBXFrameworksBuildPhase section */

/* Begin PBXGroup section */
		5C7B130718388AE100864B6B = {
			isa = PBXGroup;
			children = (
				5C7B131918388AE100864B6B /* ch7webview */,
				5C7B131218388AE100864B6B /* Frameworks */,
				5C7B131118388AE100864B6B /* Products */,
			);
			sourceTree = "<group>";
		};
		5C7B131118388AE100864B6B /* Products */ = {
			isa = PBXGroup;
			children = (
				5C7B131018388AE100864B6B /* ch7webview.app */,
			);
			name = Products;
			sourceTree = "<group>";
		};
		5C7B131218388AE100864B6B /* Frameworks */ = {
			isa = PBXGroup;
			children = (
				5C7B131318388AE100864B6B /* Foundation.framework */,
				5C7B131518388AE100864B6B /* CoreGraphics.framework */,
				5C7B131718388AE100864B6B /* UIKit.framework */,
			);
			name = Frameworks;
			sourceTree = "<group>";
		};
		5C7B131918388AE100864B6B /* ch7webview */ = {
			isa = PBXGroup;
			children = (
				5C7B132218388AE100864B6B /* AppDelegate.h */,
				5C7B132318388AE100864B6B /* AppDelegate.m */,
				5C7B132518388AE100864B6B /* Main.storyboard */,
				5C7B132818388AE100864B6B /* ViewController.h */,
				5C7B132918388AE100864B6B /* ViewController.m */,
				5C7B132B18388AE100864B6B /* Images.xcassets */,
				5C7B131A18388AE100864B6B /* Supporting Files */,
			);
			path = ch7webview;
			sourceTree = "<group>";
		};
		5C7B131A18388AE100864B6B /* Supporting Files */ = {
			isa = PBXGroup;
			children = (
				5C7B131B18388AE100864B6B /* ch7webview-Info.plist */,
				5C7B131C18388AE100864B6B /* InfoPlist.strings */,
				5C7B131F18388AE100864B6B /* main.m */,
				5C7B132118388AE100864B6B /* ch7webview-Prefix.pch */,
			);
			name = "Supporting Files";
			sourceTree = "<group>";
		};
/* End PBXGroup section */

/* Begin PBXNativeTarget section */
		5C7B130F18388AE100864B6B /* ch7webview */ = {
			isa = PBXNativeTarget;
			buildConfigurationList = 5C7B134218388AE100864B6B /* Build configuration list for PBXNativeTarget "ch7webview" */;
			buildPhases = (
				5C7B130C18388AE100864B6B /* Sources */,
				5C7B130D18388AE100864B6B /* Frameworks */,
				5C7B130E18388AE100864B6B /* Resources */,
			);
			buildRules = (
			);
			dependencies = (
			);
			name = ch7webview;
			productName = ch7webview;
			productReference = 5C7B131018388AE100864B6B /* ch7webview.app */;
			productType = "com.apple.product-type.application";
		};
/* End PBXNativeTarget section */

/* Begin PBXProject section */
		5C7B130818388AE100864B6B /* Project object */ = {
			isa = PBXProject;
			attributes = {
				LastUpgradeCheck = 0500;
				ORGANIZATIONNAME = SHOEISHA;
			};
			buildConfigurationList = 5C7B130B18388AE100864B6B /* Build configuration list for PBXProject "ch7webview" */;
			compatibilityVersion = "Xcode 3.2";
			developmentRegion = English;
			hasScannedForEncodings = 0;
			knownRegions = (
				en,
				Base,
			);
			mainGroup = 5C7B130718388AE100864B6B;
			productRefGroup = 5C7B131118388AE100864B6B /* Products */;
			projectDirPath = "";
			projectRoot = "";
			targets = (
				5C7B130F18388AE100864B6B /* ch7webview */,
			);
		};
/* End PBXProject section */

/* Begin PBXResourcesBuildPhase section */
		5C7B130E18388AE100864B6B /* Resources */ = {
			isa = PBXResourcesBuildPhase;
			buildActionMask = 2147483647;
			files = (
				5C7B132C18388AE100864B6B /* Images.xcassets in Resources */,
				5C7B131E18388AE100864B6B /* InfoPlist.strings in Resources */,
				5C7B132718388AE100864B6B /* Main.storyboard in Resources */,
			);
			runOnlyForDeploymentPostprocessing = 0;
		};
/* End PBXResourcesBuildPhase section */

/* Begin PBXSourcesBuildPhase section */
		5C7B130C18388AE100864B6B /* Sources */ = {
			isa = PBXSourcesBuildPhase;
			buildActionMask = 2147483647;
			files = (
				5C7B132A18388AE100864B6B /* ViewController.m in Sources */,
				5C7B132418388AE100864B6B /* AppDelegate.m in Sources */,
				5C7B132018388AE100864B6B /* main.m in Sources */,
			);
			runOnlyForDeploymentPostprocessing = 0;
		};
/* End PBXSourcesBuildPhase section */

/* Begin PBXVariantGroup section */
		5C7B131C18388AE100864B6B /* InfoPlist.strings */ = {
			isa = PBXVariantGroup;
			children = (
				5C7B131D18388AE100864B6B /* en */,
			);
			name = InfoPlist.strings;
			sourceTree = "<group>";
		};
		5C7B132518388AE100864B6B /* Main.storyboard */ = {
			isa = PBXVariantGroup;
			children = (
				5C7B132618388AE100864B6B /* Base */,
			);
			name = Main.storyboard;
			sourceTree = "<group>";
		};
/* End PBXVariantGroup section */

/* Begin XCBuildConfiguration section */
		5C7B134018388AE100864B6B /* Debug */ = {
			isa = XCBuildConfiguration;
			buildSettings = {
				ALWAYS_SEARCH_USER_PATHS = NO;
				ARCHS = "$(ARCHS_STANDARD_INCLUDING_64_BIT)";
				CLANG_CXX_LANGUAGE_STANDARD = "gnu++0x";
				CLANG_CXX_LIBRARY = "libc++";
				CLANG_ENABLE_MODULES = YES;
				CLANG_ENABLE_OBJC_ARC = YES;
				CLANG_WARN_BOOL_CONVERSION = YES;
				CLANG_WARN_CONSTANT_CONVERSION = YES;
				CLANG_WARN_DIRECT_OBJC_ISA_USAGE = YES_ERROR;
				CLANG_WARN_EMPTY_BODY = YES;
				CLANG_WARN_ENUM_CONVERSION = YES;
				CLANG_WARN_INT_CONVERSION = YES;
				CLANG_WARN_OBJC_ROOT_CLASS = YES_ERROR;
				CLANG_WARN__DUPLICATE_METHOD_MATCH = YES;
				"CODE_SIGN_IDENTITY[sdk=iphoneos*]" = "iPhone Developer";
				COPY_PHASE_STRIP = NO;
				GCC_C_LANGUAGE_STANDARD = gnu99;
				GCC_DYNAMIC_NO_PIC = NO;
				GCC_OPTIMIZATION_LEVEL = 0;
				GCC_PREPROCESSOR_DEFINITIONS = (
					"DEBUG=1",
					"$(inherited)",
				);
				GCC_SYMBOLS_PRIVATE_EXTERN = NO;
				GCC_WARN_64_TO_32_BIT_CONVERSION = YES;
				GCC_WARN_ABOUT_RETURN_TYPE = YES_ERROR;
				GCC_WARN_UNDECLARED_SELECTOR = YES;
				GCC_WARN_UNINITIALIZED_AUTOS = YES;
				GCC_WARN_UNUSED_FUNCTION = YES;
				GCC_WARN_UNUSED_VARIABLE = YES;
				IPHONEOS_DEPLOYMENT_TARGET = 7.0;
				ONLY_ACTIVE_ARCH = YES;
				SDKROOT = iphoneos;
			};
			name = Debug;
		};
		5C7B134118388AE100864B6B /* Release */ = {
			isa = XCBuildConfiguration;
			buildSettings = {
				ALWAYS_SEARCH_USER_PATHS = NO;
				ARCHS = "$(ARCHS_STANDARD_INCLUDING_64_BIT)";
				CLANG_CXX_LANGUAGE_STANDARD = "gnu++0x";
				CLANG_CXX_LIBRARY = "libc++";
				CLANG_ENABLE_MODULES = YES;
				CLANG_ENABLE_OBJC_ARC = YES;
				CLANG_WARN_BOOL_CONVERSION = YES;
				CLANG_WARN_CONSTANT_CONVERSION = YES;
				CLANG_WARN_DIRECT_OBJC_ISA_USAGE = YES_ERROR;
				CLANG_WARN_EMPTY_BODY = YES;
				CLANG_WARN_ENUM_CONVERSION = YES;
				CLANG_WARN_INT_CONVERSION = YES;
				CLANG_WARN_OBJC_ROOT_CLASS = YES_ERROR;
				CLANG_WARN__DUPLICATE_METHOD_MATCH = YES;
				"CODE_SIGN_IDENTITY[sdk=iphoneos*]" = "iPhone Developer";
				COPY_PHASE_STRIP = YES;
				ENABLE_NS_ASSERTIONS = NO;
				GCC_C_LANGUAGE_STANDARD = gnu99;
				GCC_WARN_64_TO_32_BIT_CONVERSION = YES;
				GCC_WARN_ABOUT_RETURN_TYPE = YES_ERROR;
				GCC_WARN_UNDECLARED_SELECTOR = YES;
				GCC_WARN_UNINITIALIZED_AUTOS = YES;
				GCC_WARN_UNUSED_FUNCTION = YES;
				GCC_WARN_UNUSED_VARIABLE = YES;
				IPHONEOS_DEPLOYMENT_TARGET = 7.0;
				SDKROOT = iphoneos;
				VALIDATE_PRODUCT = YES;
			};
			name = Release;
		};
		5C7B134318388AE100864B6B /* Debug */ = {
			isa = XCBuildConfiguration;
			buildSettings = {
				ASSETCATALOG_COMPILER_APPICON_NAME = AppIcon;
				ASSETCATALOG_COMPILER_LAUNCHIMAGE_NAME = LaunchImage;
				GCC_PRECOMPILE_PREFIX_HEADER = YES;
				GCC_PREFIX_HEADER = "ch7webview/ch7webview-Prefix.pch";
				INFOPLIST_FILE = "ch7webview/ch7webview-Info.plist";
				PRODUCT_NAME = "$(TARGET_NAME)";
				WRAPPER_EXTENSION = app;
			};
			name = Debug;
		};
		5C7B134418388AE100864B6B /* Release */ = {
			isa = XCBuildConfiguration;
			buildSettings = {
				ASSETCATALOG_COMPILER_APPICON_NAME = AppIcon;
				ASSETCATALOG_COMPILER_LAUNCHIMAGE_NAME = LaunchImage;
				GCC_PRECOMPILE_PREFIX_HEADER = YES;
				GCC_PREFIX_HEADER = "ch7webview/ch7webview-Prefix.pch";
				INFOPLIST_FILE = "ch7webview/ch7webview-Info.plist";
				PRODUCT_NAME = "$(TARGET_NAME)";
				WRAPPER_EXTENSION = app;
			};
			name = Release;
		};
/* End XCBuildConfiguration section */

/* Begin XCConfigurationList section */
		5C7B130B18388AE100864B6B /* Build configuration list for PBXProject "ch7webview" */ = {
			isa = XCConfigurationList;
			buildConfigurations = (
				5C7B134018388AE100864B6B /* Debug */,
				5C7B134118388AE100864B6B /* Release */,
			);
			defaultConfigurationIsVisible = 0;
			defaultConfigurationName = Release;
		};
		5C7B134218388AE100864B6B /* Build configuration list for PBXNativeTarget "ch7webview" */ = {
			isa = XCConfigurationList;
			buildConfigurations = (
				5C7B134318388AE100864B6B /* Debug */,
				5C7B134418388AE100864B6B /* Release */,
			);
			defaultConfigurationIsVisible = 0;
			defaultConfigurationName = Release;
		};
/* End XCConfigurationList section */
	};
	rootObject = 5C7B130818388AE100864B6B /* Project object */;
}
